
Microsoft Visual Studio Solution File, Format Version 12.00
# Visual Studio Version 17
VisualStudioVersion = 17.3.32922.545
MinimumVisualStudioVersion = 10.0.40219.1
Project("{2150E333-8FDC-42A3-9474-1A3956D46DE8}") = "src", "src", "{A191A377-4B09-42FB-BE62-F25222C7299B}"
EndProject
Project("{2150E333-8FDC-42A3-9474-1A3956D46DE8}") = "Core", "Core", "{EE18A87F-AC81-4124-A008-CEF011C2B09A}"
EndProject
Project("{2150E333-8FDC-42A3-9474-1A3956D46DE8}") = "Infrastructure", "Infrastructure", "{102A3010-0125-4113-870C-B3DE67D7729E}"
EndProject
Project("{2150E333-8FDC-42A3-9474-1A3956D46DE8}") = "Presentation", "Presentation", "{207A422B-0973-4130-AAF2-484B0AE42A01}"
EndProject
Project("{9A19103F-16F7-4668-BE54-9A1E7A4F7556}") = "Events.ItAcademy.API", "Events.ItAcademy.API\Events.ItAcademy.API.csproj", "{753E1E46-2FD7-497E-9438-97199A5814A9}"
EndProject
Project("{9A19103F-16F7-4668-BE54-9A1E7A4F7556}") = "Events.ItAcademy.Application", "Events.ItAcademy.Application\Events.ItAcademy.Application.csproj", "{760D7B9A-BB35-434D-9D23-328ED74BB422}"
EndProject
Project("{9A19103F-16F7-4668-BE54-9A1E7A4F7556}") = "Events.ItAcademy.Domain", "Events.ItAcademy.Domain\Events.ItAcademy.Domain.csproj", "{7D69538D-2D2E-4417-9433-A4D0149760E9}"
EndProject
Project("{9A19103F-16F7-4668-BE54-9A1E7A4F7556}") = "Events.ItAcademy.Infrastructure", "Events.ItAcademy.Infrastructure\Events.ItAcademy.Infrastructure.csproj", "{5DC5280B-FC63-40CF-A88B-BC7964797D99}"
EndProject
Project("{9A19103F-16F7-4668-BE54-9A1E7A4F7556}") = "Events.ItAcademy.Persistence", "Events.ItAcademy.Persistence\Events.ItAcademy.Persistence.csproj", "{D084BBC4-3CAB-4F4F-B3A5-26258C6B211A}"
EndProject
Project("{9A19103F-16F7-4668-BE54-9A1E7A4F7556}") = "Events.ItAcademy.MVC", "Events.ItAcademy.MVC\Events.ItAcademy.MVC.csproj", "{E63CCD6E-3118-42EF-A3B9-E809EE7B2B6E}"
EndProject
Project("{2150E333-8FDC-42A3-9474-1A3956D46DE8}") = "Tests", "Tests", "{2CDB9C3F-9627-4CF4-A2DB-18682EF4CA09}"
EndProject
Project("{9A19103F-16F7-4668-BE54-9A1E7A4F7556}") = "EventsItAcademyTest", "EventsItAcademyTest\EventsItAcademyTest.csproj", "{0254E3E0-5D7C-4E58-B6B3-4ECEFFD77655}"
EndProject
Project("{9A19103F-16F7-4668-BE54-9A1E7A4F7556}") = "EventWorkerService", "EventWorkerService\EventWorkerService.csproj", "{3A27FF13-4E3D-461A-811B-C20F860B280C}"
EndProject
Project("{2150E333-8FDC-42A3-9474-1A3956D46DE8}") = "Workers", "Workers", "{17EB711C-834C-4169-93B6-58FE0870BC4A}"
EndProject
Project("{9A19103F-16F7-4668-BE54-9A1E7A4F7556}") = "TicketWorkerService", "TicketWorkerService\TicketWorkerService.csproj", "{04C9B5D8-7372-4FDD-BEF9-935565224402}"
EndProject
Project("{2150E333-8FDC-42A3-9474-1A3956D46DE8}") = "Solution Items", "Solution Items", "{2651BA4E-1F7F-4696-9617-4A2E11DFC449}"
	ProjectSection(SolutionItems) = preProject
		..\..\..\..\..\Downloads\.editorconfig = ..\..\..\..\..\Downloads\.editorconfig
	EndProjectSection
EndProject
Project("{FAE04EC0-301F-11D3-BF4B-00C04F79EFBC}") = "ItAcademyHealthChecks", "ItAcademyHealthChecks\ItAcademyHealthChecks.csproj", "{7BE97D5D-0A03-498A-9788-FB93BA6190F4}"
EndProject
Global
	GlobalSection(SolutionConfigurationPlatforms) = preSolution
		Debug|Any CPU = Debug|Any CPU
		Release|Any CPU = Release|Any CPU
	EndGlobalSection
	GlobalSection(ProjectConfigurationPlatforms) = postSolution
		{753E1E46-2FD7-497E-9438-97199A5814A9}.Debug|Any CPU.ActiveCfg = Debug|Any CPU
		{753E1E46-2FD7-497E-9438-97199A5814A9}.Debug|Any CPU.Build.0 = Debug|Any CPU
		{753E1E46-2FD7-497E-9438-97199A5814A9}.Release|Any CPU.ActiveCfg = Release|Any CPU
		{753E1E46-2FD7-497E-9438-97199A5814A9}.Release|Any CPU.Build.0 = Release|Any CPU
		{760D7B9A-BB35-434D-9D23-328ED74BB422}.Debug|Any CPU.ActiveCfg = Debug|Any CPU
		{760D7B9A-BB35-434D-9D23-328ED74BB422}.Debug|Any CPU.Build.0 = Debug|Any CPU
		{760D7B9A-BB35-434D-9D23-328ED74BB422}.Release|Any CPU.ActiveCfg = Release|Any CPU
		{760D7B9A-BB35-434D-9D23-328ED74BB422}.Release|Any CPU.Build.0 = Release|Any CPU
		{7D69538D-2D2E-4417-9433-A4D0149760E9}.Debug|Any CPU.ActiveCfg = Debug|Any CPU
		{7D69538D-2D2E-4417-9433-A4D0149760E9}.Debug|Any CPU.Build.0 = Debug|Any CPU
		{7D69538D-2D2E-4417-9433-A4D0149760E9}.Release|Any CPU.ActiveCfg = Release|Any CPU
		{7D69538D-2D2E-4417-9433-A4D0149760E9}.Release|Any CPU.Build.0 = Release|Any CPU
		{5DC5280B-FC63-40CF-A88B-BC7964797D99}.Debug|Any CPU.ActiveCfg = Debug|Any CPU
		{5DC5280B-FC63-40CF-A88B-BC7964797D99}.Debug|Any CPU.Build.0 = Debug|Any CPU
		{5DC5280B-FC63-40CF-A88B-BC7964797D99}.Release|Any CPU.ActiveCfg = Release|Any CPU
		{5DC5280B-FC63-40CF-A88B-BC7964797D99}.Release|Any CPU.Build.0 = Release|Any CPU
		{D084BBC4-3CAB-4F4F-B3A5-26258C6B211A}.Debug|Any CPU.ActiveCfg = Debug|Any CPU
		{D084BBC4-3CAB-4F4F-B3A5-26258C6B211A}.Debug|Any CPU.Build.0 = Debug|Any CPU
		{D084BBC4-3CAB-4F4F-B3A5-26258C6B211A}.Release|Any CPU.ActiveCfg = Release|Any CPU
		{D084BBC4-3CAB-4F4F-B3A5-26258C6B211A}.Release|Any CPU.Build.0 = Release|Any CPU
		{E63CCD6E-3118-42EF-A3B9-E809EE7B2B6E}.Debug|Any CPU.ActiveCfg = Debug|Any CPU
		{E63CCD6E-3118-42EF-A3B9-E809EE7B2B6E}.Debug|Any CPU.Build.0 = Debug|Any CPU
		{E63CCD6E-3118-42EF-A3B9-E809EE7B2B6E}.Release|Any CPU.ActiveCfg = Release|Any CPU
		{E63CCD6E-3118-42EF-A3B9-E809EE7B2B6E}.Release|Any CPU.Build.0 = Release|Any CPU
		{0254E3E0-5D7C-4E58-B6B3-4ECEFFD77655}.Debug|Any CPU.ActiveCfg = Debug|Any CPU
		{0254E3E0-5D7C-4E58-B6B3-4ECEFFD77655}.Debug|Any CPU.Build.0 = Debug|Any CPU
		{0254E3E0-5D7C-4E58-B6B3-4ECEFFD77655}.Release|Any CPU.ActiveCfg = Release|Any CPU
		{0254E3E0-5D7C-4E58-B6B3-4ECEFFD77655}.Release|Any CPU.Build.0 = Release|Any CPU
		{3A27FF13-4E3D-461A-811B-C20F860B280C}.Debug|Any CPU.ActiveCfg = Debug|Any CPU
		{3A27FF13-4E3D-461A-811B-C20F860B280C}.Debug|Any CPU.Build.0 = Debug|Any CPU
		{3A27FF13-4E3D-461A-811B-C20F860B280C}.Release|Any CPU.ActiveCfg = Release|Any CPU
		{3A27FF13-4E3D-461A-811B-C20F860B280C}.Release|Any CPU.Build.0 = Release|Any CPU
		{04C9B5D8-7372-4FDD-BEF9-935565224402}.Debug|Any CPU.ActiveCfg = Debug|Any CPU
		{04C9B5D8-7372-4FDD-BEF9-935565224402}.Debug|Any CPU.Build.0 = Debug|Any CPU
		{04C9B5D8-7372-4FDD-BEF9-935565224402}.Release|Any CPU.ActiveCfg = Release|Any CPU
		{04C9B5D8-7372-4FDD-BEF9-935565224402}.Release|Any CPU.Build.0 = Release|Any CPU
		{7BE97D5D-0A03-498A-9788-FB93BA6190F4}.Debug|Any CPU.ActiveCfg = Debug|Any CPU
		{7BE97D5D-0A03-498A-9788-FB93BA6190F4}.Debug|Any CPU.Build.0 = Debug|Any CPU
		{7BE97D5D-0A03-498A-9788-FB93BA6190F4}.Release|Any CPU.ActiveCfg = Release|Any CPU
		{7BE97D5D-0A03-498A-9788-FB93BA6190F4}.Release|Any CPU.Build.0 = Release|Any CPU
	EndGlobalSection
	GlobalSection(SolutionProperties) = preSolution
		HideSolutionNode = FALSE
	EndGlobalSection
	GlobalSection(NestedProjects) = preSolution
		{EE18A87F-AC81-4124-A008-CEF011C2B09A} = {A191A377-4B09-42FB-BE62-F25222C7299B}
		{102A3010-0125-4113-870C-B3DE67D7729E} = {A191A377-4B09-42FB-BE62-F25222C7299B}
		{207A422B-0973-4130-AAF2-484B0AE42A01} = {A191A377-4B09-42FB-BE62-F25222C7299B}
		{753E1E46-2FD7-497E-9438-97199A5814A9} = {207A422B-0973-4130-AAF2-484B0AE42A01}
		{760D7B9A-BB35-434D-9D23-328ED74BB422} = {EE18A87F-AC81-4124-A008-CEF011C2B09A}
		{7D69538D-2D2E-4417-9433-A4D0149760E9} = {EE18A87F-AC81-4124-A008-CEF011C2B09A}
		{5DC5280B-FC63-40CF-A88B-BC7964797D99} = {102A3010-0125-4113-870C-B3DE67D7729E}
		{D084BBC4-3CAB-4F4F-B3A5-26258C6B211A} = {102A3010-0125-4113-870C-B3DE67D7729E}
		{E63CCD6E-3118-42EF-A3B9-E809EE7B2B6E} = {207A422B-0973-4130-AAF2-484B0AE42A01}
		{2CDB9C3F-9627-4CF4-A2DB-18682EF4CA09} = {A191A377-4B09-42FB-BE62-F25222C7299B}
		{0254E3E0-5D7C-4E58-B6B3-4ECEFFD77655} = {2CDB9C3F-9627-4CF4-A2DB-18682EF4CA09}
		{3A27FF13-4E3D-461A-811B-C20F860B280C} = {17EB711C-834C-4169-93B6-58FE0870BC4A}
		{17EB711C-834C-4169-93B6-58FE0870BC4A} = {A191A377-4B09-42FB-BE62-F25222C7299B}
		{04C9B5D8-7372-4FDD-BEF9-935565224402} = {17EB711C-834C-4169-93B6-58FE0870BC4A}
		{7BE97D5D-0A03-498A-9788-FB93BA6190F4} = {207A422B-0973-4130-AAF2-484B0AE42A01}
	EndGlobalSection
	GlobalSection(ExtensibilityGlobals) = postSolution
		SolutionGuid = {832FEF32-535A-48DB-B6F3-56AD13E001F3}
	EndGlobalSection
EndGlobal
